
Microsoft Visual Studio Solution File, Format Version 12.00
# Visual Studio Version 17
VisualStudioVersion = 17.4.33213.308
MinimumVisualStudioVersion = 10.0.40219.1
Project("{FAE04EC0-301F-11D3-BF4B-00C04F79EFBC}") = "bai1", "bai1\bai1.csproj", "{A67DD603-14B0-4197-B208-69E96B01B40B}"
EndProject
Project("{FAE04EC0-301F-11D3-BF4B-00C04F79EFBC}") = "bai2", "bai2\bai2.csproj", "{1E74305C-2DDB-4583-AECA-955D96EAFA31}"
EndProject
Project("{FAE04EC0-301F-11D3-BF4B-00C04F79EFBC}") = "bai3", "bai3\bai3.csproj", "{39E77ADA-05A7-44C6-8D01-4F73E36EA73D}"
EndProject
Project("{FAE04EC0-301F-11D3-BF4B-00C04F79EFBC}") = "bai4", "bai4\bai4.csproj", "{76326646-145B-40C1-83B4-F0AFA554C1BC}"
EndProject
Global
	GlobalSection(SolutionConfigurationPlatforms) = preSolution
		Debug|Any CPU = Debug|Any CPU
		Release|Any CPU = Release|Any CPU
	EndGlobalSection
	GlobalSection(ProjectConfigurationPlatforms) = postSolution
		{A67DD603-14B0-4197-B208-69E96B01B40B}.Debug|Any CPU.ActiveCfg = Debug|Any CPU
		{A67DD603-14B0-4197-B208-69E96B01B40B}.Debug|Any CPU.Build.0 = Debug|Any CPU
		{A67DD603-14B0-4197-B208-69E96B01B40B}.Release|Any CPU.ActiveCfg = Release|Any CPU
		{A67DD603-14B0-4197-B208-69E96B01B40B}.Release|Any CPU.Build.0 = Release|Any CPU
		{1E74305C-2DDB-4583-AECA-955D96EAFA31}.Debug|Any CPU.ActiveCfg = Debug|Any CPU
		{1E74305C-2DDB-4583-AECA-955D96EAFA31}.Debug|Any CPU.Build.0 = Debug|Any CPU
		{1E74305C-2DDB-4583-AECA-955D96EAFA31}.Release|Any CPU.ActiveCfg = Release|Any CPU
		{1E74305C-2DDB-4583-AECA-955D96EAFA31}.Release|Any CPU.Build.0 = Release|Any CPU
		{39E77ADA-05A7-44C6-8D01-4F73E36EA73D}.Debug|Any CPU.ActiveCfg = Debug|Any CPU
		{39E77ADA-05A7-44C6-8D01-4F73E36EA73D}.Debug|Any CPU.Build.0 = Debug|Any CPU
		{39E77ADA-05A7-44C6-8D01-4F73E36EA73D}.Release|Any CPU.ActiveCfg = Release|Any CPU
		{39E77ADA-05A7-44C6-8D01-4F73E36EA73D}.Release|Any CPU.Build.0 = Release|Any CPU
		{76326646-145B-40C1-83B4-F0AFA554C1BC}.Debug|Any CPU.ActiveCfg = Debug|Any CPU
		{76326646-145B-40C1-83B4-F0AFA554C1BC}.Debug|Any CPU.Build.0 = Debug|Any CPU
		{76326646-145B-40C1-83B4-F0AFA554C1BC}.Release|Any CPU.ActiveCfg = Release|Any CPU
		{76326646-145B-40C1-83B4-F0AFA554C1BC}.Release|Any CPU.Build.0 = Release|Any CPU
	EndGlobalSection
	GlobalSection(SolutionProperties) = preSolution
		HideSolutionNode = FALSE
	EndGlobalSection
	GlobalSection(ExtensibilityGlobals) = postSolution
		SolutionGuid = {9610C56D-4362-46BC-9E77-6361AB948E07}
	EndGlobalSection
EndGlobal
